// !$*UTF8*$!
{
	archiveVersion = 1;
	classes = {
	};
	objectVersion = 56;
	objects = {

/* Begin PBXBuildFile section */
		3A2DF9A72C5F870F00165177 /* PasswordStoreMangerApp.swift in Sources */ = {isa = PBXBuildFile; fileRef = 3A2DF9A62C5F870F00165177 /* PasswordStoreMangerApp.swift */; };
		3A2DF9A92C5F870F00165177 /* ContentView.swift in Sources */ = {isa = PBXBuildFile; fileRef = 3A2DF9A82C5F870F00165177 /* ContentView.swift */; };
		3A2DF9AB2C5F871000165177 /* Assets.xcassets in Resources */ = {isa = PBXBuildFile; fileRef = 3A2DF9AA2C5F871000165177 /* Assets.xcassets */; };
		3A2DF9AE2C5F871000165177 /* Preview Assets.xcassets in Resources */ = {isa = PBXBuildFile; fileRef = 3A2DF9AD2C5F871000165177 /* Preview Assets.xcassets */; };
		3A2DF9B82C5F916D00165177 /* Demo.mp4 in Resources */ = {isa = PBXBuildFile; fileRef = 3A2DF9B72C5F916D00165177 /* Demo.mp4 */; };
		3A2DF9BC2C5F918A00165177 /* EditUpdateDeletePassword.png in Resources */ = {isa = PBXBuildFile; fileRef = 3A2DF9B92C5F918A00165177 /* EditUpdateDeletePassword.png */; };
		3A2DF9BD2C5F918A00165177 /* HomeScreenEmpty.png in Resources */ = {isa = PBXBuildFile; fileRef = 3A2DF9BA2C5F918A00165177 /* HomeScreenEmpty.png */; };
		3A2DF9BE2C5F918A00165177 /* HomeScreenPasswordSaved.png in Resources */ = {isa = PBXBuildFile; fileRef = 3A2DF9BB2C5F918A00165177 /* HomeScreenPasswordSaved.png */; };
		3A2DF9C02C5F91E700165177 /* AddNewPasswordAccount.png in Resources */ = {isa = PBXBuildFile; fileRef = 3A2DF9BF2C5F91E700165177 /* AddNewPasswordAccount.png */; };
		3A2DF9C22C5F9E5700165177 /* LaunchScreen.swift in Sources */ = {isa = PBXBuildFile; fileRef = 3A2DF9C12C5F9E5700165177 /* LaunchScreen.swift */; };
		3A2DF9C62C5F9EFA00165177 /* HomeScreen.swift in Sources */ = {isa = PBXBuildFile; fileRef = 3A2DF9C52C5F9EFA00165177 /* HomeScreen.swift */; };
		3A2DF9C92C5F9F3B00165177 /* AccountViewModel.swift in Sources */ = {isa = PBXBuildFile; fileRef = 3A2DF9C82C5F9F3B00165177 /* AccountViewModel.swift */; };
		3A2DF9CC2C5F9F8E00165177 /* UserInputTextFieldView.swift in Sources */ = {isa = PBXBuildFile; fileRef = 3A2DF9CB2C5F9F8E00165177 /* UserInputTextFieldView.swift */; };
		3A2DF9CE2C5F9FB100165177 /* AccountCell.swift in Sources */ = {isa = PBXBuildFile; fileRef = 3A2DF9CD2C5F9FB100165177 /* AccountCell.swift */; };
		3A2DF9D02C5F9FCC00165177 /* NewAccountView.swift in Sources */ = {isa = PBXBuildFile; fileRef = 3A2DF9CF2C5F9FCC00165177 /* NewAccountView.swift */; };
		3A2DF9D32C5F9FEA00165177 /* AccountDetailView.swift in Sources */ = {isa = PBXBuildFile; fileRef = 3A2DF9D22C5F9FEA00165177 /* AccountDetailView.swift */; };
		3A2DF9D62C5FA18E00165177 /* AppCoordinator.swift in Sources */ = {isa = PBXBuildFile; fileRef = 3A2DF9D52C5FA18E00165177 /* AppCoordinator.swift */; };
		3A2DF9D92C5FA1B900165177 /* Common.swift in Sources */ = {isa = PBXBuildFile; fileRef = 3A2DF9D82C5FA1B900165177 /* Common.swift */; };
		3A2DF9DC2C5FA1FC00165177 /* LocalDeviceAuthentication.swift in Sources */ = {isa = PBXBuildFile; fileRef = 3A2DF9DB2C5FA1FC00165177 /* LocalDeviceAuthentication.swift */; };
		3A2DF9DF2C5FA22900165177 /* EncryptionAndDecryption.swift in Sources */ = {isa = PBXBuildFile; fileRef = 3A2DF9DE2C5FA22900165177 /* EncryptionAndDecryption.swift */; };
		3A2DF9E62C5FA33600165177 /* User+CoreDataClass.swift in Sources */ = {isa = PBXBuildFile; fileRef = 3A2DF9E42C5FA33600165177 /* User+CoreDataClass.swift */; };
		3A2DF9E72C5FA33600165177 /* User+CoreDataProperties.swift in Sources */ = {isa = PBXBuildFile; fileRef = 3A2DF9E52C5FA33600165177 /* User+CoreDataProperties.swift */; };
		3A2DF9E92C5FA37000165177 /* LocalDB.swift in Sources */ = {isa = PBXBuildFile; fileRef = 3A2DF9E82C5FA37000165177 /* LocalDB.swift */; };
		3A2DF9FE2C5FA42500165177 /* OFL.txt in Resources */ = {isa = PBXBuildFile; fileRef = 3A2DF9EA2C5FA42500165177 /* OFL.txt */; };
		3A2DF9FF2C5FA42500165177 /* Poppins-Black.ttf in Resources */ = {isa = PBXBuildFile; fileRef = 3A2DF9EB2C5FA42500165177 /* Poppins-Black.ttf */; };
		3A2DFA002C5FA42500165177 /* Poppins-BlackItalic.ttf in Resources */ = {isa = PBXBuildFile; fileRef = 3A2DF9EC2C5FA42500165177 /* Poppins-BlackItalic.ttf */; };
		3A2DFA012C5FA42500165177 /* Poppins-Bold.ttf in Resources */ = {isa = PBXBuildFile; fileRef = 3A2DF9ED2C5FA42500165177 /* Poppins-Bold.ttf */; };
		3A2DFA022C5FA42500165177 /* Poppins-BoldItalic.ttf in Resources */ = {isa = PBXBuildFile; fileRef = 3A2DF9EE2C5FA42500165177 /* Poppins-BoldItalic.ttf */; };
		3A2DFA032C5FA42500165177 /* Poppins-ExtraBold.ttf in Resources */ = {isa = PBXBuildFile; fileRef = 3A2DF9EF2C5FA42500165177 /* Poppins-ExtraBold.ttf */; };
		3A2DFA042C5FA42500165177 /* Poppins-ExtraBoldItalic.ttf in Resources */ = {isa = PBXBuildFile; fileRef = 3A2DF9F02C5FA42500165177 /* Poppins-ExtraBoldItalic.ttf */; };
		3A2DFA052C5FA42500165177 /* Poppins-ExtraLight.ttf in Resources */ = {isa = PBXBuildFile; fileRef = 3A2DF9F12C5FA42500165177 /* Poppins-ExtraLight.ttf */; };
		3A2DFA062C5FA42500165177 /* Poppins-ExtraLightItalic.ttf in Resources */ = {isa = PBXBuildFile; fileRef = 3A2DF9F22C5FA42500165177 /* Poppins-ExtraLightItalic.ttf */; };
		3A2DFA072C5FA42500165177 /* Poppins-Italic.ttf in Resources */ = {isa = PBXBuildFile; fileRef = 3A2DF9F32C5FA42500165177 /* Poppins-Italic.ttf */; };
		3A2DFA082C5FA42500165177 /* Poppins-Light.ttf in Resources */ = {isa = PBXBuildFile; fileRef = 3A2DF9F42C5FA42500165177 /* Poppins-Light.ttf */; };
		3A2DFA092C5FA42500165177 /* Poppins-LightItalic.ttf in Resources */ = {isa = PBXBuildFile; fileRef = 3A2DF9F52C5FA42500165177 /* Poppins-LightItalic.ttf */; };
		3A2DFA0A2C5FA42500165177 /* Poppins-Medium.ttf in Resources */ = {isa = PBXBuildFile; fileRef = 3A2DF9F62C5FA42500165177 /* Poppins-Medium.ttf */; };
		3A2DFA0B2C5FA42500165177 /* Poppins-MediumItalic.ttf in Resources */ = {isa = PBXBuildFile; fileRef = 3A2DF9F72C5FA42500165177 /* Poppins-MediumItalic.ttf */; };
		3A2DFA0C2C5FA42500165177 /* Poppins-Regular.ttf in Resources */ = {isa = PBXBuildFile; fileRef = 3A2DF9F82C5FA42500165177 /* Poppins-Regular.ttf */; };
		3A2DFA0D2C5FA42500165177 /* Poppins-SemiBold.ttf in Resources */ = {isa = PBXBuildFile; fileRef = 3A2DF9F92C5FA42500165177 /* Poppins-SemiBold.ttf */; };
		3A2DFA0E2C5FA42500165177 /* Poppins-SemiBoldItalic.ttf in Resources */ = {isa = PBXBuildFile; fileRef = 3A2DF9FA2C5FA42500165177 /* Poppins-SemiBoldItalic.ttf */; };
		3A2DFA0F2C5FA42500165177 /* Poppins-Thin.ttf in Resources */ = {isa = PBXBuildFile; fileRef = 3A2DF9FB2C5FA42500165177 /* Poppins-Thin.ttf */; };
		3A2DFA102C5FA42500165177 /* Poppins-ThinItalic.ttf in Resources */ = {isa = PBXBuildFile; fileRef = 3A2DF9FC2C5FA42500165177 /* Poppins-ThinItalic.ttf */; };
		3A7FDF542C60B1B600222624 /* UserInfo.xcdatamodeld in Sources */ = {isa = PBXBuildFile; fileRef = 3A7FDF522C60B1B600222624 /* UserInfo.xcdatamodeld */; };
		3A7FDF552C60B1C200222624 /* UserInfo.xcdatamodeld in Resources */ = {isa = PBXBuildFile; fileRef = 3A7FDF522C60B1B600222624 /* UserInfo.xcdatamodeld */; };
/* End PBXBuildFile section */

/* Begin PBXFileReference section */
		3A2DF9A32C5F870F00165177 /* PasswordStoreManger.app */ = {isa = PBXFileReference; explicitFileType = wrapper.application; includeInIndex = 0; path = PasswordStoreManger.app; sourceTree = BUILT_PRODUCTS_DIR; };
		3A2DF9A62C5F870F00165177 /* PasswordStoreMangerApp.swift */ = {isa = PBXFileReference; lastKnownFileType = sourcecode.swift; path = PasswordStoreMangerApp.swift; sourceTree = "<group>"; };
		3A2DF9A82C5F870F00165177 /* ContentView.swift */ = {isa = PBXFileReference; lastKnownFileType = sourcecode.swift; path = ContentView.swift; sourceTree = "<group>"; };
		3A2DF9AA2C5F871000165177 /* Assets.xcassets */ = {isa = PBXFileReference; lastKnownFileType = folder.assetcatalog; path = Assets.xcassets; sourceTree = "<group>"; };
		3A2DF9AD2C5F871000165177 /* Preview Assets.xcassets */ = {isa = PBXFileReference; lastKnownFileType = folder.assetcatalog; path = "Preview Assets.xcassets"; sourceTree = "<group>"; };
		3A2DF9B72C5F916D00165177 /* Demo.mp4 */ = {isa = PBXFileReference; lastKnownFileType = file; path = Demo.mp4; sourceTree = "<group>"; };
		3A2DF9B92C5F918A00165177 /* EditUpdateDeletePassword.png */ = {isa = PBXFileReference; lastKnownFileType = image.png; path = EditUpdateDeletePassword.png; sourceTree = "<group>"; };
		3A2DF9BA2C5F918A00165177 /* HomeScreenEmpty.png */ = {isa = PBXFileReference; lastKnownFileType = image.png; path = HomeScreenEmpty.png; sourceTree = "<group>"; };
		3A2DF9BB2C5F918A00165177 /* HomeScreenPasswordSaved.png */ = {isa = PBXFileReference; lastKnownFileType = image.png; path = HomeScreenPasswordSaved.png; sourceTree = "<group>"; };
		3A2DF9BF2C5F91E700165177 /* AddNewPasswordAccount.png */ = {isa = PBXFileReference; lastKnownFileType = image.png; path = AddNewPasswordAccount.png; sourceTree = "<group>"; };
		3A2DF9C12C5F9E5700165177 /* LaunchScreen.swift */ = {isa = PBXFileReference; lastKnownFileType = sourcecode.swift; path = LaunchScreen.swift; sourceTree = "<group>"; };
		3A2DF9C52C5F9EFA00165177 /* HomeScreen.swift */ = {isa = PBXFileReference; lastKnownFileType = sourcecode.swift; path = HomeScreen.swift; sourceTree = "<group>"; };
		3A2DF9C82C5F9F3B00165177 /* AccountViewModel.swift */ = {isa = PBXFileReference; lastKnownFileType = sourcecode.swift; path = AccountViewModel.swift; sourceTree = "<group>"; };
		3A2DF9CB2C5F9F8E00165177 /* UserInputTextFieldView.swift */ = {isa = PBXFileReference; lastKnownFileType = sourcecode.swift; path = UserInputTextFieldView.swift; sourceTree = "<group>"; };
		3A2DF9CD2C5F9FB100165177 /* AccountCell.swift */ = {isa = PBXFileReference; lastKnownFileType = sourcecode.swift; path = AccountCell.swift; sourceTree = "<group>"; };
		3A2DF9CF2C5F9FCC00165177 /* NewAccountView.swift */ = {isa = PBXFileReference; lastKnownFileType = sourcecode.swift; path = NewAccountView.swift; sourceTree = "<group>"; };
		3A2DF9D22C5F9FEA00165177 /* AccountDetailView.swift */ = {isa = PBXFileReference; lastKnownFileType = sourcecode.swift; path = AccountDetailView.swift; sourceTree = "<group>"; };
		3A2DF9D52C5FA18E00165177 /* AppCoordinator.swift */ = {isa = PBXFileReference; lastKnownFileType = sourcecode.swift; path = AppCoordinator.swift; sourceTree = "<group>"; };
		3A2DF9D82C5FA1B900165177 /* Common.swift */ = {isa = PBXFileReference; lastKnownFileType = sourcecode.swift; path = Common.swift; sourceTree = "<group>"; };
		3A2DF9DB2C5FA1FC00165177 /* LocalDeviceAuthentication.swift */ = {isa = PBXFileReference; lastKnownFileType = sourcecode.swift; path = LocalDeviceAuthentication.swift; sourceTree = "<group>"; };
		3A2DF9DE2C5FA22900165177 /* EncryptionAndDecryption.swift */ = {isa = PBXFileReference; lastKnownFileType = sourcecode.swift; path = EncryptionAndDecryption.swift; sourceTree = "<group>"; };
		3A2DF9E42C5FA33600165177 /* User+CoreDataClass.swift */ = {isa = PBXFileReference; lastKnownFileType = sourcecode.swift; path = "User+CoreDataClass.swift"; sourceTree = "<group>"; };
		3A2DF9E52C5FA33600165177 /* User+CoreDataProperties.swift */ = {isa = PBXFileReference; lastKnownFileType = sourcecode.swift; path = "User+CoreDataProperties.swift"; sourceTree = "<group>"; };
		3A2DF9E82C5FA37000165177 /* LocalDB.swift */ = {isa = PBXFileReference; lastKnownFileType = sourcecode.swift; path = LocalDB.swift; sourceTree = "<group>"; };
		3A2DF9EA2C5FA42500165177 /* OFL.txt */ = {isa = PBXFileReference; fileEncoding = 4; lastKnownFileType = text; path = OFL.txt; sourceTree = "<group>"; };
		3A2DF9EB2C5FA42500165177 /* Poppins-Black.ttf */ = {isa = PBXFileReference; lastKnownFileType = file; path = "Poppins-Black.ttf"; sourceTree = "<group>"; };
		3A2DF9EC2C5FA42500165177 /* Poppins-BlackItalic.ttf */ = {isa = PBXFileReference; lastKnownFileType = file; path = "Poppins-BlackItalic.ttf"; sourceTree = "<group>"; };
		3A2DF9ED2C5FA42500165177 /* Poppins-Bold.ttf */ = {isa = PBXFileReference; lastKnownFileType = file; path = "Poppins-Bold.ttf"; sourceTree = "<group>"; };
		3A2DF9EE2C5FA42500165177 /* Poppins-BoldItalic.ttf */ = {isa = PBXFileReference; lastKnownFileType = file; path = "Poppins-BoldItalic.ttf"; sourceTree = "<group>"; };
		3A2DF9EF2C5FA42500165177 /* Poppins-ExtraBold.ttf */ = {isa = PBXFileReference; lastKnownFileType = file; path = "Poppins-ExtraBold.ttf"; sourceTree = "<group>"; };
		3A2DF9F02C5FA42500165177 /* Poppins-ExtraBoldItalic.ttf */ = {isa = PBXFileReference; lastKnownFileType = file; path = "Poppins-ExtraBoldItalic.ttf"; sourceTree = "<group>"; };
		3A2DF9F12C5FA42500165177 /* Poppins-ExtraLight.ttf */ = {isa = PBXFileReference; lastKnownFileType = file; path = "Poppins-ExtraLight.ttf"; sourceTree = "<group>"; };
		3A2DF9F22C5FA42500165177 /* Poppins-ExtraLightItalic.ttf */ = {isa = PBXFileReference; lastKnownFileType = file; path = "Poppins-ExtraLightItalic.ttf"; sourceTree = "<group>"; };
		3A2DF9F32C5FA42500165177 /* Poppins-Italic.ttf */ = {isa = PBXFileReference; lastKnownFileType = file; path = "Poppins-Italic.ttf"; sourceTree = "<group>"; };
		3A2DF9F42C5FA42500165177 /* Poppins-Light.ttf */ = {isa = PBXFileReference; lastKnownFileType = file; path = "Poppins-Light.ttf"; sourceTree = "<group>"; };
		3A2DF9F52C5FA42500165177 /* Poppins-LightItalic.ttf */ = {isa = PBXFileReference; lastKnownFileType = file; path = "Poppins-LightItalic.ttf"; sourceTree = "<group>"; };
		3A2DF9F62C5FA42500165177 /* Poppins-Medium.ttf */ = {isa = PBXFileReference; lastKnownFileType = file; path = "Poppins-Medium.ttf"; sourceTree = "<group>"; };
		3A2DF9F72C5FA42500165177 /* Poppins-MediumItalic.ttf */ = {isa = PBXFileReference; lastKnownFileType = file; path = "Poppins-MediumItalic.ttf"; sourceTree = "<group>"; };
		3A2DF9F82C5FA42500165177 /* Poppins-Regular.ttf */ = {isa = PBXFileReference; lastKnownFileType = file; path = "Poppins-Regular.ttf"; sourceTree = "<group>"; };
		3A2DF9F92C5FA42500165177 /* Poppins-SemiBold.ttf */ = {isa = PBXFileReference; lastKnownFileType = file; path = "Poppins-SemiBold.ttf"; sourceTree = "<group>"; };
		3A2DF9FA2C5FA42500165177 /* Poppins-SemiBoldItalic.ttf */ = {isa = PBXFileReference; lastKnownFileType = file; path = "Poppins-SemiBoldItalic.ttf"; sourceTree = "<group>"; };
		3A2DF9FB2C5FA42500165177 /* Poppins-Thin.ttf */ = {isa = PBXFileReference; lastKnownFileType = file; path = "Poppins-Thin.ttf"; sourceTree = "<group>"; };
		3A2DF9FC2C5FA42500165177 /* Poppins-ThinItalic.ttf */ = {isa = PBXFileReference; lastKnownFileType = file; path = "Poppins-ThinItalic.ttf"; sourceTree = "<group>"; };
		3A2DFA112C5FA45000165177 /* Info.plist */ = {isa = PBXFileReference; lastKnownFileType = text.plist; path = Info.plist; sourceTree = "<group>"; };
		3A7FDF532C60B1B600222624 /* UserInfo.xcdatamodel */ = {isa = PBXFileReference; lastKnownFileType = wrapper.xcdatamodel; path = UserInfo.xcdatamodel; sourceTree = "<group>"; };
/* End PBXFileReference section */

/* Begin PBXFrameworksBuildPhase section */
		3A2DF9A02C5F870F00165177 /* Frameworks */ = {
			isa = PBXFrameworksBuildPhase;
			buildActionMask = 2147483647;
			files = (
			);
			runOnlyForDeploymentPostprocessing = 0;
		};
/* End PBXFrameworksBuildPhase section */

/* Begin PBXGroup section */
		3A2DF99A2C5F870E00165177 = {
			isa = PBXGroup;
			children = (
				3A2DF9A52C5F870F00165177 /* PasswordStoreManger */,
				3A2DF9A42C5F870F00165177 /* Products */,
			);
			sourceTree = "<group>";
		};
		3A2DF9A42C5F870F00165177 /* Products */ = {
			isa = PBXGroup;
			children = (
				3A2DF9A32C5F870F00165177 /* PasswordStoreManger.app */,
			);
			name = Products;
			sourceTree = "<group>";
		};
		3A2DF9A52C5F870F00165177 /* PasswordStoreManger */ = {
			isa = PBXGroup;
			children = (
				3A2DFA112C5FA45000165177 /* Info.plist */,
				3A2DF9FD2C5FA42500165177 /* Poppins */,
				3A2DF9E02C5FA26C00165177 /* CoreData */,
				3A2DF9DD2C5FA21E00165177 /* EncryptionAndDecryption */,
				3A2DF9DA2C5FA1F000165177 /* LocalDeviceAuthentication */,
				3A2DF9D72C5FA1A600165177 /* Utilities */,
				3A2DF9D42C5FA17B00165177 /* AppCoordinator */,
				3A2DF9C72C5F9F1500165177 /* ViewModel */,
				3A2DF9C32C5F9ECD00165177 /* Views */,
				3A2DF9B42C5F905300165177 /* AppGuide */,
				3A2DF9A62C5F870F00165177 /* PasswordStoreMangerApp.swift */,
				3A2DF9A82C5F870F00165177 /* ContentView.swift */,
				3A2DF9C12C5F9E5700165177 /* LaunchScreen.swift */,
				3A2DF9AA2C5F871000165177 /* Assets.xcassets */,
				3A2DF9AC2C5F871000165177 /* Preview Content */,
			);
			path = PasswordStoreManger;
			sourceTree = "<group>";
		};
		3A2DF9AC2C5F871000165177 /* Preview Content */ = {
			isa = PBXGroup;
			children = (
				3A2DF9AD2C5F871000165177 /* Preview Assets.xcassets */,
			);
			path = "Preview Content";
			sourceTree = "<group>";
		};
		3A2DF9B42C5F905300165177 /* AppGuide */ = {
			isa = PBXGroup;
			children = (
				3A2DF9B62C5F906C00165177 /* Video */,
				3A2DF9B52C5F906400165177 /* Images */,
			);
			path = AppGuide;
			sourceTree = "<group>";
		};
		3A2DF9B52C5F906400165177 /* Images */ = {
			isa = PBXGroup;
			children = (
				3A2DF9B92C5F918A00165177 /* EditUpdateDeletePassword.png */,
				3A2DF9BA2C5F918A00165177 /* HomeScreenEmpty.png */,
				3A2DF9BB2C5F918A00165177 /* HomeScreenPasswordSaved.png */,
				3A2DF9BF2C5F91E700165177 /* AddNewPasswordAccount.png */,
			);
			path = Images;
			sourceTree = "<group>";
		};
		3A2DF9B62C5F906C00165177 /* Video */ = {
			isa = PBXGroup;
			children = (
				3A2DF9B72C5F916D00165177 /* Demo.mp4 */,
			);
			path = Video;
			sourceTree = "<group>";
		};
		3A2DF9C32C5F9ECD00165177 /* Views */ = {
			isa = PBXGroup;
			children = (
				3A2DF9CA2C5F9F7300165177 /* Subviews */,
				3A2DF9C52C5F9EFA00165177 /* HomeScreen.swift */,
			);
			path = Views;
			sourceTree = "<group>";
		};
		3A2DF9C72C5F9F1500165177 /* ViewModel */ = {
			isa = PBXGroup;
			children = (
				3A2DF9C82C5F9F3B00165177 /* AccountViewModel.swift */,
			);
			path = ViewModel;
			sourceTree = "<group>";
		};
		3A2DF9CA2C5F9F7300165177 /* Subviews */ = {
			isa = PBXGroup;
			children = (
				3A2DF9CB2C5F9F8E00165177 /* UserInputTextFieldView.swift */,
				3A2DF9CD2C5F9FB100165177 /* AccountCell.swift */,
				3A2DF9CF2C5F9FCC00165177 /* NewAccountView.swift */,
				3A2DF9D22C5F9FEA00165177 /* AccountDetailView.swift */,
			);
			path = Subviews;
			sourceTree = "<group>";
		};
		3A2DF9D42C5FA17B00165177 /* AppCoordinator */ = {
			isa = PBXGroup;
			children = (
				3A2DF9D52C5FA18E00165177 /* AppCoordinator.swift */,
			);
			path = AppCoordinator;
			sourceTree = "<group>";
		};
		3A2DF9D72C5FA1A600165177 /* Utilities */ = {
			isa = PBXGroup;
			children = (
				3A2DF9D82C5FA1B900165177 /* Common.swift */,
			);
			path = Utilities;
			sourceTree = "<group>";
		};
		3A2DF9DA2C5FA1F000165177 /* LocalDeviceAuthentication */ = {
			isa = PBXGroup;
			children = (
				3A2DF9DB2C5FA1FC00165177 /* LocalDeviceAuthentication.swift */,
			);
			path = LocalDeviceAuthentication;
			sourceTree = "<group>";
		};
		3A2DF9DD2C5FA21E00165177 /* EncryptionAndDecryption */ = {
			isa = PBXGroup;
			children = (
				3A2DF9DE2C5FA22900165177 /* EncryptionAndDecryption.swift */,
			);
			path = EncryptionAndDecryption;
			sourceTree = "<group>";
		};
		3A2DF9E02C5FA26C00165177 /* CoreData */ = {
			isa = PBXGroup;
			children = (
				3A2DF9E42C5FA33600165177 /* User+CoreDataClass.swift */,
				3A2DF9E52C5FA33600165177 /* User+CoreDataProperties.swift */,
				3A7FDF522C60B1B600222624 /* UserInfo.xcdatamodeld */,
				3A2DF9E82C5FA37000165177 /* LocalDB.swift */,
			);
			path = CoreData;
			sourceTree = "<group>";
		};
		3A2DF9FD2C5FA42500165177 /* Poppins */ = {
			isa = PBXGroup;
			children = (
				3A2DF9EA2C5FA42500165177 /* OFL.txt */,
				3A2DF9EB2C5FA42500165177 /* Poppins-Black.ttf */,
				3A2DF9EC2C5FA42500165177 /* Poppins-BlackItalic.ttf */,
				3A2DF9ED2C5FA42500165177 /* Poppins-Bold.ttf */,
				3A2DF9EE2C5FA42500165177 /* Poppins-BoldItalic.ttf */,
				3A2DF9EF2C5FA42500165177 /* Poppins-ExtraBold.ttf */,
				3A2DF9F02C5FA42500165177 /* Poppins-ExtraBoldItalic.ttf */,
				3A2DF9F12C5FA42500165177 /* Poppins-ExtraLight.ttf */,
				3A2DF9F22C5FA42500165177 /* Poppins-ExtraLightItalic.ttf */,
				3A2DF9F32C5FA42500165177 /* Poppins-Italic.ttf */,
				3A2DF9F42C5FA42500165177 /* Poppins-Light.ttf */,
				3A2DF9F52C5FA42500165177 /* Poppins-LightItalic.ttf */,
				3A2DF9F62C5FA42500165177 /* Poppins-Medium.ttf */,
				3A2DF9F72C5FA42500165177 /* Poppins-MediumItalic.ttf */,
				3A2DF9F82C5FA42500165177 /* Poppins-Regular.ttf */,
				3A2DF9F92C5FA42500165177 /* Poppins-SemiBold.ttf */,
				3A2DF9FA2C5FA42500165177 /* Poppins-SemiBoldItalic.ttf */,
				3A2DF9FB2C5FA42500165177 /* Poppins-Thin.ttf */,
				3A2DF9FC2C5FA42500165177 /* Poppins-ThinItalic.ttf */,
			);
			path = Poppins;
			sourceTree = "<group>";
		};
/* End PBXGroup section */

/* Begin PBXNativeTarget section */
		3A2DF9A22C5F870F00165177 /* PasswordStoreManger */ = {
			isa = PBXNativeTarget;
			buildConfigurationList = 3A2DF9B12C5F871000165177 /* Build configuration list for PBXNativeTarget "PasswordStoreManger" */;
			buildPhases = (
				3A2DF99F2C5F870F00165177 /* Sources */,
				3A2DF9A02C5F870F00165177 /* Frameworks */,
				3A2DF9A12C5F870F00165177 /* Resources */,
			);
			buildRules = (
			);
			dependencies = (
			);
			name = PasswordStoreManger;
			productName = PasswordStoreManger;
			productReference = 3A2DF9A32C5F870F00165177 /* PasswordStoreManger.app */;
			productType = "com.apple.product-type.application";
		};
/* End PBXNativeTarget section */

/* Begin PBXProject section */
		3A2DF99B2C5F870E00165177 /* Project object */ = {
			isa = PBXProject;
			attributes = {
				BuildIndependentTargetsInParallel = 1;
				LastSwiftUpdateCheck = 1540;
				LastUpgradeCheck = 1540;
				TargetAttributes = {
					3A2DF9A22C5F870F00165177 = {
						CreatedOnToolsVersion = 15.4;
					};
				};
			};
			buildConfigurationList = 3A2DF99E2C5F870E00165177 /* Build configuration list for PBXProject "PasswordStoreManger" */;
			compatibilityVersion = "Xcode 14.0";
			developmentRegion = en;
			hasScannedForEncodings = 0;
			knownRegions = (
				en,
				Base,
			);
			mainGroup = 3A2DF99A2C5F870E00165177;
			productRefGroup = 3A2DF9A42C5F870F00165177 /* Products */;
			projectDirPath = "";
			projectRoot = "";
			targets = (
				3A2DF9A22C5F870F00165177 /* PasswordStoreManger */,
			);
		};
/* End PBXProject section */

/* Begin PBXResourcesBuildPhase section */
		3A2DF9A12C5F870F00165177 /* Resources */ = {
			isa = PBXResourcesBuildPhase;
			buildActionMask = 2147483647;
			files = (
				3A7FDF552C60B1C200222624 /* UserInfo.xcdatamodeld in Resources */,
				3A2DFA062C5FA42500165177 /* Poppins-ExtraLightItalic.ttf in Resources */,
				3A2DFA082C5FA42500165177 /* Poppins-Light.ttf in Resources */,
				3A2DFA072C5FA42500165177 /* Poppins-Italic.ttf in Resources */,
				3A2DFA052C5FA42500165177 /* Poppins-ExtraLight.ttf in Resources */,
				3A2DF9AE2C5F871000165177 /* Preview Assets.xcassets in Resources */,
				3A2DFA092C5FA42500165177 /* Poppins-LightItalic.ttf in Resources */,
				3A2DF9BE2C5F918A00165177 /* HomeScreenPasswordSaved.png in Resources */,
				3A2DFA002C5FA42500165177 /* Poppins-BlackItalic.ttf in Resources */,
				3A2DFA022C5FA42500165177 /* Poppins-BoldItalic.ttf in Resources */,
				3A2DFA0A2C5FA42500165177 /* Poppins-Medium.ttf in Resources */,
				3A2DF9C02C5F91E700165177 /* AddNewPasswordAccount.png in Resources */,
				3A2DF9AB2C5F871000165177 /* Assets.xcassets in Resources */,
				3A2DF9BC2C5F918A00165177 /* EditUpdateDeletePassword.png in Resources */,
				3A2DF9BD2C5F918A00165177 /* HomeScreenEmpty.png in Resources */,
				3A2DFA0F2C5FA42500165177 /* Poppins-Thin.ttf in Resources */,
				3A2DFA012C5FA42500165177 /* Poppins-Bold.ttf in Resources */,
				3A2DF9FF2C5FA42500165177 /* Poppins-Black.ttf in Resources */,
				3A2DFA042C5FA42500165177 /* Poppins-ExtraBoldItalic.ttf in Resources */,
				3A2DFA0E2C5FA42500165177 /* Poppins-SemiBoldItalic.ttf in Resources */,
				3A2DF9FE2C5FA42500165177 /* OFL.txt in Resources */,
				3A2DF9B82C5F916D00165177 /* Demo.mp4 in Resources */,
				3A2DFA0C2C5FA42500165177 /* Poppins-Regular.ttf in Resources */,
				3A2DFA0B2C5FA42500165177 /* Poppins-MediumItalic.ttf in Resources */,
				3A2DFA102C5FA42500165177 /* Poppins-ThinItalic.ttf in Resources */,
				3A2DFA0D2C5FA42500165177 /* Poppins-SemiBold.ttf in Resources */,
				3A2DFA032C5FA42500165177 /* Poppins-ExtraBold.ttf in Resources */,
			);
			runOnlyForDeploymentPostprocessing = 0;
		};
/* End PBXResourcesBuildPhase section */

/* Begin PBXSourcesBuildPhase section */
		3A2DF99F2C5F870F00165177 /* Sources */ = {
			isa = PBXSourcesBuildPhase;
			buildActionMask = 2147483647;
			files = (
				3A2DF9CC2C5F9F8E00165177 /* UserInputTextFieldView.swift in Sources */,
				3A2DF9D02C5F9FCC00165177 /* NewAccountView.swift in Sources */,
				3A2DF9D62C5FA18E00165177 /* AppCoordinator.swift in Sources */,
				3A2DF9C62C5F9EFA00165177 /* HomeScreen.swift in Sources */,
				3A7FDF542C60B1B600222624 /* UserInfo.xcdatamodeld in Sources */,
				3A2DF9D92C5FA1B900165177 /* Common.swift in Sources */,
				3A2DF9E92C5FA37000165177 /* LocalDB.swift in Sources */,
				3A2DF9DC2C5FA1FC00165177 /* LocalDeviceAuthentication.swift in Sources */,
				3A2DF9C92C5F9F3B00165177 /* AccountViewModel.swift in Sources */,
				3A2DF9E62C5FA33600165177 /* User+CoreDataClass.swift in Sources */,
				3A2DF9E72C5FA33600165177 /* User+CoreDataProperties.swift in Sources */,
				3A2DF9A92C5F870F00165177 /* ContentView.swift in Sources */,
				3A2DF9A72C5F870F00165177 /* PasswordStoreMangerApp.swift in Sources */,
				3A2DF9D32C5F9FEA00165177 /* AccountDetailView.swift in Sources */,
				3A2DF9CE2C5F9FB100165177 /* AccountCell.swift in Sources */,
				3A2DF9DF2C5FA22900165177 /* EncryptionAndDecryption.swift in Sources */,
				3A2DF9C22C5F9E5700165177 /* LaunchScreen.swift in Sources */,
			);
			runOnlyForDeploymentPostprocessing = 0;
		};
/* End PBXSourcesBuildPhase section */

/* Begin XCBuildConfiguration section */
		3A2DF9AF2C5F871000165177 /* Debug */ = {
			isa = XCBuildConfiguration;
			buildSettings = {
				ALWAYS_SEARCH_USER_PATHS = NO;
				ASSETCATALOG_COMPILER_GENERATE_SWIFT_ASSET_SYMBOL_EXTENSIONS = YES;
				CLANG_ANALYZER_NONNULL = YES;
				CLANG_ANALYZER_NUMBER_OBJECT_CONVERSION = YES_AGGRESSIVE;
				CLANG_CXX_LANGUAGE_STANDARD = "gnu++20";
				CLANG_ENABLE_MODULES = YES;
				CLANG_ENABLE_OBJC_ARC = YES;
				CLANG_ENABLE_OBJC_WEAK = YES;
				CLANG_WARN_BLOCK_CAPTURE_AUTORELEASING = YES;
				CLANG_WARN_BOOL_CONVERSION = YES;
				CLANG_WARN_COMMA = YES;
				CLANG_WARN_CONSTANT_CONVERSION = YES;
				CLANG_WARN_DEPRECATED_OBJC_IMPLEMENTATIONS = YES;
				CLANG_WARN_DIRECT_OBJC_ISA_USAGE = YES_ERROR;
				CLANG_WARN_DOCUMENTATION_COMMENTS = YES;
				CLANG_WARN_EMPTY_BODY = YES;
				CLANG_WARN_ENUM_CONVERSION = YES;
				CLANG_WARN_INFINITE_RECURSION = YES;
				CLANG_WARN_INT_CONVERSION = YES;
				CLANG_WARN_NON_LITERAL_NULL_CONVERSION = YES;
				CLANG_WARN_OBJC_IMPLICIT_RETAIN_SELF = YES;
				CLANG_WARN_OBJC_LITERAL_CONVERSION = YES;
				CLANG_WARN_OBJC_ROOT_CLASS = YES_ERROR;
				CLANG_WARN_QUOTED_INCLUDE_IN_FRAMEWORK_HEADER = YES;
				CLANG_WARN_RANGE_LOOP_ANALYSIS = YES;
				CLANG_WARN_STRICT_PROTOTYPES = YES;
				CLANG_WARN_SUSPICIOUS_MOVE = YES;
				CLANG_WARN_UNGUARDED_AVAILABILITY = YES_AGGRESSIVE;
				CLANG_WARN_UNREACHABLE_CODE = YES;
				CLANG_WARN__DUPLICATE_METHOD_MATCH = YES;
				COPY_PHASE_STRIP = NO;
				DEBUG_INFORMATION_FORMAT = dwarf;
				ENABLE_STRICT_OBJC_MSGSEND = YES;
				ENABLE_TESTABILITY = YES;
				ENABLE_USER_SCRIPT_SANDBOXING = YES;
				GCC_C_LANGUAGE_STANDARD = gnu17;
				GCC_DYNAMIC_NO_PIC = NO;
				GCC_NO_COMMON_BLOCKS = YES;
				GCC_OPTIMIZATION_LEVEL = 0;
				GCC_PREPROCESSOR_DEFINITIONS = (
					"DEBUG=1",
					"$(inherited)",
				);
				GCC_WARN_64_TO_32_BIT_CONVERSION = YES;
				GCC_WARN_ABOUT_RETURN_TYPE = YES_ERROR;
				GCC_WARN_UNDECLARED_SELECTOR = YES;
				GCC_WARN_UNINITIALIZED_AUTOS = YES_AGGRESSIVE;
				GCC_WARN_UNUSED_FUNCTION = YES;
				GCC_WARN_UNUSED_VARIABLE = YES;
				IPHONEOS_DEPLOYMENT_TARGET = 17.5;
				LOCALIZATION_PREFERS_STRING_CATALOGS = YES;
				MTL_ENABLE_DEBUG_INFO = INCLUDE_SOURCE;
				MTL_FAST_MATH = YES;
				ONLY_ACTIVE_ARCH = YES;
				SDKROOT = iphoneos;
				SWIFT_ACTIVE_COMPILATION_CONDITIONS = "DEBUG $(inherited)";
				SWIFT_OPTIMIZATION_LEVEL = "-Onone";
			};
			name = Debug;
		};
		3A2DF9B02C5F871000165177 /* Release */ = {
			isa = XCBuildConfiguration;
			buildSettings = {
				ALWAYS_SEARCH_USER_PATHS = NO;
				ASSETCATALOG_COMPILER_GENERATE_SWIFT_ASSET_SYMBOL_EXTENSIONS = YES;
				CLANG_ANALYZER_NONNULL = YES;
				CLANG_ANALYZER_NUMBER_OBJECT_CONVERSION = YES_AGGRESSIVE;
				CLANG_CXX_LANGUAGE_STANDARD = "gnu++20";
				CLANG_ENABLE_MODULES = YES;
				CLANG_ENABLE_OBJC_ARC = YES;
				CLANG_ENABLE_OBJC_WEAK = YES;
				CLANG_WARN_BLOCK_CAPTURE_AUTORELEASING = YES;
				CLANG_WARN_BOOL_CONVERSION = YES;
				CLANG_WARN_COMMA = YES;
				CLANG_WARN_CONSTANT_CONVERSION = YES;
				CLANG_WARN_DEPRECATED_OBJC_IMPLEMENTATIONS = YES;
				CLANG_WARN_DIRECT_OBJC_ISA_USAGE = YES_ERROR;
				CLANG_WARN_DOCUMENTATION_COMMENTS = YES;
				CLANG_WARN_EMPTY_BODY = YES;
				CLANG_WARN_ENUM_CONVERSION = YES;
				CLANG_WARN_INFINITE_RECURSION = YES;
				CLANG_WARN_INT_CONVERSION = YES;
				CLANG_WARN_NON_LITERAL_NULL_CONVERSION = YES;
				CLANG_WARN_OBJC_IMPLICIT_RETAIN_SELF = YES;
				CLANG_WARN_OBJC_LITERAL_CONVERSION = YES;
				CLANG_WARN_OBJC_ROOT_CLASS = YES_ERROR;
				CLANG_WARN_QUOTED_INCLUDE_IN_FRAMEWORK_HEADER = YES;
				CLANG_WARN_RANGE_LOOP_ANALYSIS = YES;
				CLANG_WARN_STRICT_PROTOTYPES = YES;
				CLANG_WARN_SUSPICIOUS_MOVE = YES;
				CLANG_WARN_UNGUARDED_AVAILABILITY = YES_AGGRESSIVE;
				CLANG_WARN_UNREACHABLE_CODE = YES;
				CLANG_WARN__DUPLICATE_METHOD_MATCH = YES;
				COPY_PHASE_STRIP = NO;
				DEBUG_INFORMATION_FORMAT = "dwarf-with-dsym";
				ENABLE_NS_ASSERTIONS = NO;
				ENABLE_STRICT_OBJC_MSGSEND = YES;
				ENABLE_USER_SCRIPT_SANDBOXING = YES;
				GCC_C_LANGUAGE_STANDARD = gnu17;
				GCC_NO_COMMON_BLOCKS = YES;
				GCC_WARN_64_TO_32_BIT_CONVERSION = YES;
				GCC_WARN_ABOUT_RETURN_TYPE = YES_ERROR;
				GCC_WARN_UNDECLARED_SELECTOR = YES;
				GCC_WARN_UNINITIALIZED_AUTOS = YES_AGGRESSIVE;
				GCC_WARN_UNUSED_FUNCTION = YES;
				GCC_WARN_UNUSED_VARIABLE = YES;
				IPHONEOS_DEPLOYMENT_TARGET = 17.5;
				LOCALIZATION_PREFERS_STRING_CATALOGS = YES;
				MTL_ENABLE_DEBUG_INFO = NO;
				MTL_FAST_MATH = YES;
				SDKROOT = iphoneos;
				SWIFT_COMPILATION_MODE = wholemodule;
				VALIDATE_PRODUCT = YES;
			};
			name = Release;
		};
		3A2DF9B22C5F871000165177 /* Debug */ = {
			isa = XCBuildConfiguration;
			buildSettings = {
				ASSETCATALOG_COMPILER_APPICON_NAME = AppIcon;
				ASSETCATALOG_COMPILER_GLOBAL_ACCENT_COLOR_NAME = AccentColor;
				CODE_SIGN_STYLE = Automatic;
				CURRENT_PROJECT_VERSION = 1;
				DEVELOPMENT_ASSET_PATHS = "\"PasswordStoreManger/Preview Content\"";
				DEVELOPMENT_TEAM = 65K66M785V;
				ENABLE_PREVIEWS = YES;
				GENERATE_INFOPLIST_FILE = YES;
				INFOPLIST_FILE = PasswordStoreManger/Info.plist;
				INFOPLIST_KEY_CFBundleDisplayName = "Secure Password";
				INFOPLIST_KEY_UIApplicationSceneManifest_Generation = YES;
				INFOPLIST_KEY_UIApplicationSupportsIndirectInputEvents = YES;
				INFOPLIST_KEY_UILaunchScreen_Generation = YES;
				INFOPLIST_KEY_UISupportedInterfaceOrientations_iPad = "UIInterfaceOrientationPortrait UIInterfaceOrientationPortraitUpsideDown UIInterfaceOrientationLandscapeLeft UIInterfaceOrientationLandscapeRight";
				INFOPLIST_KEY_UISupportedInterfaceOrientations_iPhone = "UIInterfaceOrientationPortrait UIInterfaceOrientationLandscapeLeft UIInterfaceOrientationLandscapeRight";
				LD_RUNPATH_SEARCH_PATHS = (
					"$(inherited)",
					"@executable_path/Frameworks",
				);
				MARKETING_VERSION = 1.0;
				PRODUCT_BUNDLE_IDENTIFIER = com.demo.PasswordStoreManger;
				PRODUCT_NAME = "$(TARGET_NAME)";
				SWIFT_EMIT_LOC_STRINGS = YES;
				SWIFT_VERSION = 5.0;
				TARGETED_DEVICE_FAMILY = "1,2";
			};
			name = Debug;
		};
		3A2DF9B32C5F871000165177 /* Release */ = {
			isa = XCBuildConfiguration;
			buildSettings = {
				ASSETCATALOG_COMPILER_APPICON_NAME = AppIcon;
				ASSETCATALOG_COMPILER_GLOBAL_ACCENT_COLOR_NAME = AccentColor;
				CODE_SIGN_STYLE = Automatic;
				CURRENT_PROJECT_VERSION = 1;
				DEVELOPMENT_ASSET_PATHS = "\"PasswordStoreManger/Preview Content\"";
				DEVELOPMENT_TEAM = 65K66M785V;
				ENABLE_PREVIEWS = YES;
				GENERATE_INFOPLIST_FILE = YES;
				INFOPLIST_FILE = PasswordStoreManger/Info.plist;
				INFOPLIST_KEY_CFBundleDisplayName = "Secure Password";
				INFOPLIST_KEY_UIApplicationSceneManifest_Generation = YES;
				INFOPLIST_KEY_UIApplicationSupportsIndirectInputEvents = YES;
				INFOPLIST_KEY_UILaunchScreen_Generation = YES;
				INFOPLIST_KEY_UISupportedInterfaceOrientations_iPad = "UIInterfaceOrientationPortrait UIInterfaceOrientationPortraitUpsideDown UIInterfaceOrientationLandscapeLeft UIInterfaceOrientationLandscapeRight";
				INFOPLIST_KEY_UISupportedInterfaceOrientations_iPhone = "UIInterfaceOrientationPortrait UIInterfaceOrientationLandscapeLeft UIInterfaceOrientationLandscapeRight";
				LD_RUNPATH_SEARCH_PATHS = (
					"$(inherited)",
					"@executable_path/Frameworks",
				);
				MARKETING_VERSION = 1.0;
				PRODUCT_BUNDLE_IDENTIFIER = com.demo.PasswordStoreManger;
				PRODUCT_NAME = "$(TARGET_NAME)";
				SWIFT_EMIT_LOC_STRINGS = YES;
				SWIFT_VERSION = 5.0;
				TARGETED_DEVICE_FAMILY = "1,2";
			};
			name = Release;
		};
/* End XCBuildConfiguration section */

/* Begin XCConfigurationList section */
		3A2DF99E2C5F870E00165177 /* Build configuration list for PBXProject "PasswordStoreManger" */ = {
			isa = XCConfigurationList;
			buildConfigurations = (
				3A2DF9AF2C5F871000165177 /* Debug */,
				3A2DF9B02C5F871000165177 /* Release */,
			);
			defaultConfigurationIsVisible = 0;
			defaultConfigurationName = Release;
		};
		3A2DF9B12C5F871000165177 /* Build configuration list for PBXNativeTarget "PasswordStoreManger" */ = {
			isa = XCConfigurationList;
			buildConfigurations = (
				3A2DF9B22C5F871000165177 /* Debug */,
				3A2DF9B32C5F871000165177 /* Release */,
			);
			defaultConfigurationIsVisible = 0;
			defaultConfigurationName = Release;
		};
/* End XCConfigurationList section */

/* Begin XCVersionGroup section */
		3A7FDF522C60B1B600222624 /* UserInfo.xcdatamodeld */ = {
			isa = XCVersionGroup;
			children = (
				3A7FDF532C60B1B600222624 /* UserInfo.xcdatamodel */,
			);
			currentVersion = 3A7FDF532C60B1B600222624 /* UserInfo.xcdatamodel */;
			name = UserInfo.xcdatamodeld;
			path = /Users/shubam/Desktop/ChaintechAssignment/PasswordStoreManger/CoreData/UserInfo.xcdatamodeld;
			sourceTree = "<group>";
			versionGroupType = wrapper.xcdatamodel;
		};
/* End XCVersionGroup section */
	};
	rootObject = 3A2DF99B2C5F870E00165177 /* Project object */;
}
